
Microsoft Visual Studio Solution File, Format Version 12.00
# Visual Studio Version 17
VisualStudioVersion = 17.3.32929.385
MinimumVisualStudioVersion = 10.0.40219.1
Project("{FAE04EC0-301F-11D3-BF4B-00C04F79EFBC}") = "FileSorter", "FileSorter\FileSorter.csproj", "{5EBC326D-AD81-4D17-8D4A-ED2D0E59E3A2}"
EndProject
Global
	GlobalSection(SolutionConfigurationPlatforms) = preSolution
		Debug|Any CPU = Debug|Any CPU
		Release|Any CPU = Release|Any CPU
	EndGlobalSection
	GlobalSection(ProjectConfigurationPlatforms) = postSolution
		{5EBC326D-AD81-4D17-8D4A-ED2D0E59E3A2}.Debug|Any CPU.ActiveCfg = Debug|Any CPU
		{5EBC326D-AD81-4D17-8D4A-ED2D0E59E3A2}.Debug|Any CPU.Build.0 = Debug|Any CPU
		{5EBC326D-AD81-4D17-8D4A-ED2D0E59E3A2}.Release|Any CPU.ActiveCfg = Release|Any CPU
		{5EBC326D-AD81-4D17-8D4A-ED2D0E59E3A2}.Release|Any CPU.Build.0 = Release|Any CPU
	EndGlobalSection
	GlobalSection(SolutionProperties) = preSolution
		HideSolutionNode = FALSE
	EndGlobalSection
	GlobalSection(ExtensibilityGlobals) = postSolution
		SolutionGuid = {DA382B65-01A5-4C48-AF01-E074E0CF4CA6}
	EndGlobalSection
EndGlobal
